
Microsoft Visual Studio Solution File, Format Version 12.00
# Visual Studio Version 16
VisualStudioVersion = 16.0.30611.23
MinimumVisualStudioVersion = 10.0.40219.1
Project("{9A19103F-16F7-4668-BE54-9A1E7A4F7556}") = "Teaching", "Teaching.csproj", "{C5D0767A-44ED-4CD6-B41B-027E501DD2F2}"
EndProject
Project("{FAE04EC0-301F-11D3-BF4B-00C04F79EFBC}") = "ExampleTest", "..\ExampleTest\ExampleTest.csproj", "{A927881B-FA50-4676-A387-7277E04C64A6}"
EndProject
Global
	GlobalSection(SolutionConfigurationPlatforms) = preSolution
		Debug|Any CPU = Debug|Any CPU
		Release|Any CPU = Release|Any CPU
	EndGlobalSection
	GlobalSection(ProjectConfigurationPlatforms) = postSolution
		{C5D0767A-44ED-4CD6-B41B-027E501DD2F2}.Debug|Any CPU.ActiveCfg = Debug|Any CPU
		{C5D0767A-44ED-4CD6-B41B-027E501DD2F2}.Debug|Any CPU.Build.0 = Debug|Any CPU
		{C5D0767A-44ED-4CD6-B41B-027E501DD2F2}.Release|Any CPU.ActiveCfg = Release|Any CPU
		{C5D0767A-44ED-4CD6-B41B-027E501DD2F2}.Release|Any CPU.Build.0 = Release|Any CPU
		{A927881B-FA50-4676-A387-7277E04C64A6}.Debug|Any CPU.ActiveCfg = Debug|Any CPU
		{A927881B-FA50-4676-A387-7277E04C64A6}.Debug|Any CPU.Build.0 = Debug|Any CPU
		{A927881B-FA50-4676-A387-7277E04C64A6}.Release|Any CPU.ActiveCfg = Release|Any CPU
		{A927881B-FA50-4676-A387-7277E04C64A6}.Release|Any CPU.Build.0 = Release|Any CPU
	EndGlobalSection
	GlobalSection(SolutionProperties) = preSolution
		HideSolutionNode = FALSE
	EndGlobalSection
	GlobalSection(ExtensibilityGlobals) = postSolution
		SolutionGuid = {D0218F10-EAE1-4568-99BA-397D8E0A3334}
	EndGlobalSection
EndGlobal
